
Microsoft Visual Studio Solution File, Format Version 12.00
# Visual Studio Version 16
VisualStudioVersion = 16.0.29424.173
MinimumVisualStudioVersion = 10.0.40219.1
Project("{FAE04EC0-301F-11D3-BF4B-00C04F79EFBC}") = "FootSwitchApp-01", "FootSwitchApp-01\FootSwitchApp-01.csproj", "{897B15BD-5C40-4F5D-925C-9C5EEBF21984}"
EndProject
Project("{FAE04EC0-301F-11D3-BF4B-00C04F79EFBC}") = "FaceDetectTools", "FaceDetector\FaceDetectTools\FaceDetectTools\FaceDetectTools.csproj", "{B52BD699-B4B0-4BA3-8DE5-34B48A2DCB50}"
EndProject
Global
	GlobalSection(SolutionConfigurationPlatforms) = preSolution
		Debug|Any CPU = Debug|Any CPU
		Release|Any CPU = Release|Any CPU
	EndGlobalSection
	GlobalSection(ProjectConfigurationPlatforms) = postSolution
		{897B15BD-5C40-4F5D-925C-9C5EEBF21984}.Debug|Any CPU.ActiveCfg = Debug|Any CPU
		{897B15BD-5C40-4F5D-925C-9C5EEBF21984}.Debug|Any CPU.Build.0 = Debug|Any CPU
		{897B15BD-5C40-4F5D-925C-9C5EEBF21984}.Release|Any CPU.ActiveCfg = Release|Any CPU
		{897B15BD-5C40-4F5D-925C-9C5EEBF21984}.Release|Any CPU.Build.0 = Release|Any CPU
		{B52BD699-B4B0-4BA3-8DE5-34B48A2DCB50}.Debug|Any CPU.ActiveCfg = Debug|Any CPU
		{B52BD699-B4B0-4BA3-8DE5-34B48A2DCB50}.Debug|Any CPU.Build.0 = Debug|Any CPU
		{B52BD699-B4B0-4BA3-8DE5-34B48A2DCB50}.Release|Any CPU.ActiveCfg = Release|Any CPU
		{B52BD699-B4B0-4BA3-8DE5-34B48A2DCB50}.Release|Any CPU.Build.0 = Release|Any CPU
	EndGlobalSection
	GlobalSection(SolutionProperties) = preSolution
		HideSolutionNode = FALSE
	EndGlobalSection
	GlobalSection(ExtensibilityGlobals) = postSolution
		SolutionGuid = {3FAD0B14-D081-4D1F-978A-32F437CCF309}
	EndGlobalSection
EndGlobal
