
Microsoft Visual Studio Solution File, Format Version 12.00
# Visual Studio 15
VisualStudioVersion = 15.0.27130.2024
MinimumVisualStudioVersion = 10.0.40219.1
Project("{FAE04EC0-301F-11D3-BF4B-00C04F79EFBC}") = "NeoFaceCloudSample", "NeoFaceCloudSample.csproj", "{75F72D4A-630E-4701-A45C-3A830B284023}"
EndProject
Global
	GlobalSection(SolutionConfigurationPlatforms) = preSolution
		Debug|Any CPU = Debug|Any CPU
		Release|Any CPU = Release|Any CPU
	EndGlobalSection
	GlobalSection(ProjectConfigurationPlatforms) = postSolution
		{75F72D4A-630E-4701-A45C-3A830B284023}.Debug|Any CPU.ActiveCfg = Debug|Any CPU
		{75F72D4A-630E-4701-A45C-3A830B284023}.Debug|Any CPU.Build.0 = Debug|Any CPU
		{75F72D4A-630E-4701-A45C-3A830B284023}.Release|Any CPU.ActiveCfg = Release|Any CPU
		{75F72D4A-630E-4701-A45C-3A830B284023}.Release|Any CPU.Build.0 = Release|Any CPU
	EndGlobalSection
	GlobalSection(SolutionProperties) = preSolution
		HideSolutionNode = FALSE
	EndGlobalSection
	GlobalSection(ExtensibilityGlobals) = postSolution
		SolutionGuid = {91EC4EE7-9961-41A8-A413-4C16B97966DF}
	EndGlobalSection
EndGlobal
