
Microsoft Visual Studio Solution File, Format Version 12.00
# Visual Studio 15
VisualStudioVersion = 15.0.28307.645
MinimumVisualStudioVersion = 10.0.40219.1
Project("{FAE04EC0-301F-11D3-BF4B-00C04F79EFBC}") = "LINENotify_Tester", "LINENotify_Tester\LINENotify_Tester.csproj", "{7FE44230-AF0B-4571-823B-5775905CBBA5}"
EndProject
Project("{FAE04EC0-301F-11D3-BF4B-00C04F79EFBC}") = "LineNotifyTools", "..\LineNotifyTools\LineNotifyTools\LineNotifyTools.csproj", "{C1C7AB80-D9F7-47EF-9FE6-5F4FB08ED076}"
EndProject
Global
	GlobalSection(SolutionConfigurationPlatforms) = preSolution
		Debug|Any CPU = Debug|Any CPU
		Release|Any CPU = Release|Any CPU
	EndGlobalSection
	GlobalSection(ProjectConfigurationPlatforms) = postSolution
		{7FE44230-AF0B-4571-823B-5775905CBBA5}.Debug|Any CPU.ActiveCfg = Debug|Any CPU
		{7FE44230-AF0B-4571-823B-5775905CBBA5}.Debug|Any CPU.Build.0 = Debug|Any CPU
		{7FE44230-AF0B-4571-823B-5775905CBBA5}.Release|Any CPU.ActiveCfg = Release|Any CPU
		{7FE44230-AF0B-4571-823B-5775905CBBA5}.Release|Any CPU.Build.0 = Release|Any CPU
		{C1C7AB80-D9F7-47EF-9FE6-5F4FB08ED076}.Debug|Any CPU.ActiveCfg = Debug|Any CPU
		{C1C7AB80-D9F7-47EF-9FE6-5F4FB08ED076}.Debug|Any CPU.Build.0 = Debug|Any CPU
		{C1C7AB80-D9F7-47EF-9FE6-5F4FB08ED076}.Release|Any CPU.ActiveCfg = Release|Any CPU
		{C1C7AB80-D9F7-47EF-9FE6-5F4FB08ED076}.Release|Any CPU.Build.0 = Release|Any CPU
	EndGlobalSection
	GlobalSection(SolutionProperties) = preSolution
		HideSolutionNode = FALSE
	EndGlobalSection
	GlobalSection(ExtensibilityGlobals) = postSolution
		SolutionGuid = {180F6C3E-B43D-452E-9549-E6F37FF60FBB}
	EndGlobalSection
EndGlobal
